
Microsoft Visual Studio Solution File, Format Version 12.00
# Visual Studio Version 17
VisualStudioVersion = 17.14.36301.6
MinimumVisualStudioVersion = 10.0.40219.1
Project("{FAE04EC0-301F-11D3-BF4B-00C04F79EFBC}") = "Reflectee", "Reflectee\Reflectee.csproj", "{19B63104-BAF4-40F5-9C48-66BE2819D51B}"
EndProject
Global
	GlobalSection(SolutionConfigurationPlatforms) = preSolution
		Debug|Any CPU = Debug|Any CPU
		Release|Any CPU = Release|Any CPU
	EndGlobalSection
	GlobalSection(ProjectConfigurationPlatforms) = postSolution
		{19B63104-BAF4-40F5-9C48-66BE2819D51B}.Debug|Any CPU.ActiveCfg = Debug|Any CPU
		{19B63104-BAF4-40F5-9C48-66BE2819D51B}.Debug|Any CPU.Build.0 = Debug|Any CPU
		{19B63104-BAF4-40F5-9C48-66BE2819D51B}.Release|Any CPU.ActiveCfg = Release|Any CPU
		{19B63104-BAF4-40F5-9C48-66BE2819D51B}.Release|Any CPU.Build.0 = Release|Any CPU
	EndGlobalSection
	GlobalSection(SolutionProperties) = preSolution
		HideSolutionNode = FALSE
	EndGlobalSection
	GlobalSection(ExtensibilityGlobals) = postSolution
		SolutionGuid = {095C0B72-2F71-4097-9286-A26E2A739D8F}
	EndGlobalSection
EndGlobal
